dependencies:
  espressif/hmc5883l:
    dependencies: []
    source:
      path: E:\KULIAH-E\CAKSA\Remote-Transmitter\components\HMC5883L
      type: local
    version: 1.0
  espressif/mpu6050:
    dependencies: []
    source: 
      path: E:\KULIAH-E\CAKSA\Remote-Transmitter\components\espressif__mpu6050
      type: local
    version: 1.2.0
  idf:
    source:
      type: idf
    version: 5.3.1
direct_dependencies:
- espressif/mpu6050
- idf
manifest_hash: ef3b5149a1949cb68dbcfbd7dbefee08c6f94bb7a2f28b3cb6ff103dd66f18ef
target: esp32
version: 2.0.0
